// !$*UTF8*$!
{
	archiveVersion = 1;
	classes = {
	};
	objectVersion = 51;
	objects = {

/* Begin PBXBuildFile section */
		0972B94F2BC3A6FA40D65270 /* Pods_TCB_CICD.framework in Frameworks */ = {isa = PBXBuildFile; fileRef = 103797B83FFD662CCD99CBF3 /* Pods_TCB_CICD.framework */; };
		3CAC97D6253164C6000A642B /* AppDelegate.swift in Sources */ = {isa = PBXBuildFile; fileRef = 3CAC97D5253164C6000A642B /* AppDelegate.swift */; };
		3CAC97D8253164C6000A642B /* SceneDelegate.swift in Sources */ = {isa = PBXBuildFile; fileRef = 3CAC97D7253164C6000A642B /* SceneDelegate.swift */; };
		3CAC97DA253164C6000A642B /* ViewController.swift in Sources */ = {isa = PBXBuildFile; fileRef = 3CAC97D9253164C6000A642B /* ViewController.swift */; };
		3CAC97DD253164C6000A642B /* Main.storyboard in Resources */ = {isa = PBXBuildFile; fileRef = 3CAC97DB253164C6000A642B /* Main.storyboard */; };
		3CAC97DF253164C7000A642B /* Assets.xcassets in Resources */ = {isa = PBXBuildFile; fileRef = 3CAC97DE253164C7000A642B /* Assets.xcassets */; };
		3CAC97E2253164C7000A642B /* LaunchScreen.storyboard in Resources */ = {isa = PBXBuildFile; fileRef = 3CAC97E0253164C7000A642B /* LaunchScreen.storyboard */; };
		3CAC97ED253164C7000A642B /* TCB_CICDTests.swift in Sources */ = {isa = PBXBuildFile; fileRef = 3CAC97EC253164C7000A642B /* TCB_CICDTests.swift */; };
		3CAC97F8253164C7000A642B /* TCB_CICDUITests.swift in Sources */ = {isa = PBXBuildFile; fileRef = 3CAC97F7253164C7000A642B /* TCB_CICDUITests.swift */; };
		47BA67A9AFE57739E55E5991 /* Pods_TCB_CICD_TCB_CICDUITests.framework in Frameworks */ = {isa = PBXBuildFile; fileRef = 7B5DF9D11336B100E041E4E2 /* Pods_TCB_CICD_TCB_CICDUITests.framework */; };
		CE9F6933F3E77A4A089CEC6B /* Pods_TCB_CICDTests.framework in Frameworks */ = {isa = PBXBuildFile; fileRef = DED9C6EFDB2990500369C484 /* Pods_TCB_CICDTests.framework */; };
/* End PBXBuildFile section */

/* Begin PBXContainerItemProxy section */
		3CAC97E9253164C7000A642B /* PBXContainerItemProxy */ = {
			isa = PBXContainerItemProxy;
			containerPortal = 3CAC97CA253164C6000A642B /* Project object */;
			proxyType = 1;
			remoteGlobalIDString = 3CAC97D1253164C6000A642B;
			remoteInfo = "TCB-CICD";
		};
		3CAC97F4253164C7000A642B /* PBXContainerItemProxy */ = {
			isa = PBXContainerItemProxy;
			containerPortal = 3CAC97CA253164C6000A642B /* Project object */;
			proxyType = 1;
			remoteGlobalIDString = 3CAC97D1253164C6000A642B;
			remoteInfo = "TCB-CICD";
		};
/* End PBXContainerItemProxy section */

/* Begin PBXFileReference section */
		103797B83FFD662CCD99CBF3 /* Pods_TCB_CICD.framework */ = {isa = PBXFileReference; explicitFileType = wrapper.framework; includeInIndex = 0; path = Pods_TCB_CICD.framework; sourceTree = BUILT_PRODUCTS_DIR; };
		27A3E01CBE58291576DAFAB9 /* Pods-TCB-CICD.debug.xcconfig */ = {isa = PBXFileReference; includeInIndex = 1; lastKnownFileType = text.xcconfig; name = "Pods-TCB-CICD.debug.xcconfig"; path = "Target Support Files/Pods-TCB-CICD/Pods-TCB-CICD.debug.xcconfig"; sourceTree = "<group>"; };
		3C50AB022538A34A00E679BB /* TCB_CICD_Framework1.framework */ = {isa = PBXFileReference; explicitFileType = wrapper.framework; path = TCB_CICD_Framework1.framework; sourceTree = BUILT_PRODUCTS_DIR; };
		3CAC97D2253164C6000A642B /* TCB-CICD.app */ = {isa = PBXFileReference; explicitFileType = wrapper.application; includeInIndex = 0; path = "TCB-CICD.app"; sourceTree = BUILT_PRODUCTS_DIR; };
		3CAC97D5253164C6000A642B /* AppDelegate.swift */ = {isa = PBXFileReference; lastKnownFileType = sourcecode.swift; path = AppDelegate.swift; sourceTree = "<group>"; };
		3CAC97D7253164C6000A642B /* SceneDelegate.swift */ = {isa = PBXFileReference; lastKnownFileType = sourcecode.swift; path = SceneDelegate.swift; sourceTree = "<group>"; };
		3CAC97D9253164C6000A642B /* ViewController.swift */ = {isa = PBXFileReference; lastKnownFileType = sourcecode.swift; path = ViewController.swift; sourceTree = "<group>"; };
		3CAC97DC253164C6000A642B /* Base */ = {isa = PBXFileReference; lastKnownFileType = file.storyboard; name = Base; path = Base.lproj/Main.storyboard; sourceTree = "<group>"; };
		3CAC97DE253164C7000A642B /* Assets.xcassets */ = {isa = PBXFileReference; lastKnownFileType = folder.assetcatalog; path = Assets.xcassets; sourceTree = "<group>"; };
		3CAC97E1253164C7000A642B /* Base */ = {isa = PBXFileReference; lastKnownFileType = file.storyboard; name = Base; path = Base.lproj/LaunchScreen.storyboard; sourceTree = "<group>"; };
		3CAC97E3253164C7000A642B /* Info.plist */ = {isa = PBXFileReference; lastKnownFileType = text.plist.xml; path = Info.plist; sourceTree = "<group>"; };
		3CAC97E8253164C7000A642B /* TCB-CICDTests.xctest */ = {isa = PBXFileReference; explicitFileType = wrapper.cfbundle; includeInIndex = 0; path = "TCB-CICDTests.xctest"; sourceTree = BUILT_PRODUCTS_DIR; };
		3CAC97EC253164C7000A642B /* TCB_CICDTests.swift */ = {isa = PBXFileReference; lastKnownFileType = sourcecode.swift; path = TCB_CICDTests.swift; sourceTree = "<group>"; };
		3CAC97EE253164C7000A642B /* Info.plist */ = {isa = PBXFileReference; lastKnownFileType = text.plist.xml; path = Info.plist; sourceTree = "<group>"; };
		3CAC97F3253164C7000A642B /* TCB-CICDUITests.xctest */ = {isa = PBXFileReference; explicitFileType = wrapper.cfbundle; includeInIndex = 0; path = "TCB-CICDUITests.xctest"; sourceTree = BUILT_PRODUCTS_DIR; };
		3CAC97F7253164C7000A642B /* TCB_CICDUITests.swift */ = {isa = PBXFileReference; lastKnownFileType = sourcecode.swift; path = TCB_CICDUITests.swift; sourceTree = "<group>"; };
		3CAC97F9253164C7000A642B /* Info.plist */ = {isa = PBXFileReference; lastKnownFileType = text.plist.xml; path = Info.plist; sourceTree = "<group>"; };
		3E5EFB23780581FAD70A2C8F /* Pods-TCB-CICD.release.xcconfig */ = {isa = PBXFileReference; includeInIndex = 1; lastKnownFileType = text.xcconfig; name = "Pods-TCB-CICD.release.xcconfig"; path = "Target Support Files/Pods-TCB-CICD/Pods-TCB-CICD.release.xcconfig"; sourceTree = "<group>"; };
		495F31438F4211CD8BD48A70 /* Pods-TCB-CICDTests.debug.xcconfig */ = {isa = PBXFileReference; includeInIndex = 1; lastKnownFileType = text.xcconfig; name = "Pods-TCB-CICDTests.debug.xcconfig"; path = "Target Support Files/Pods-TCB-CICDTests/Pods-TCB-CICDTests.debug.xcconfig"; sourceTree = "<group>"; };
		7B5DF9D11336B100E041E4E2 /* Pods_TCB_CICD_TCB_CICDUITests.framework */ = {isa = PBXFileReference; explicitFileType = wrapper.framework; includeInIndex = 0; path = Pods_TCB_CICD_TCB_CICDUITests.framework; sourceTree = BUILT_PRODUCTS_DIR; };
		814A6724D83A7257FC275F4C /* Pods-TCB-CICD-TCB-CICDUITests.debug.xcconfig */ = {isa = PBXFileReference; includeInIndex = 1; lastKnownFileType = text.xcconfig; name = "Pods-TCB-CICD-TCB-CICDUITests.debug.xcconfig"; path = "Target Support Files/Pods-TCB-CICD-TCB-CICDUITests/Pods-TCB-CICD-TCB-CICDUITests.debug.xcconfig"; sourceTree = "<group>"; };
		AAD24497D7B387B24829335D /* Pods-TCB-CICDTests.release.xcconfig */ = {isa = PBXFileReference; includeInIndex = 1; lastKnownFileType = text.xcconfig; name = "Pods-TCB-CICDTests.release.xcconfig"; path = "Target Support Files/Pods-TCB-CICDTests/Pods-TCB-CICDTests.release.xcconfig"; sourceTree = "<group>"; };
		DED9C6EFDB2990500369C484 /* Pods_TCB_CICDTests.framework */ = {isa = PBXFileReference; explicitFileType = wrapper.framework; includeInIndex = 0; path = Pods_TCB_CICDTests.framework; sourceTree = BUILT_PRODUCTS_DIR; };
		EC2F184B4CD929A5B4FAEB48 /* Pods-TCB-CICD-TCB-CICDUITests.release.xcconfig */ = {isa = PBXFileReference; includeInIndex = 1; lastKnownFileType = text.xcconfig; name = "Pods-TCB-CICD-TCB-CICDUITests.release.xcconfig"; path = "Target Support Files/Pods-TCB-CICD-TCB-CICDUITests/Pods-TCB-CICD-TCB-CICDUITests.release.xcconfig"; sourceTree = "<group>"; };
/* End PBXFileReference section */

/* Begin PBXFrameworksBuildPhase section */
		3CAC97CF253164C6000A642B /* Frameworks */ = {
			isa = PBXFrameworksBuildPhase;
			buildActionMask = 2147483647;
			files = (
				0972B94F2BC3A6FA40D65270 /* Pods_TCB_CICD.framework in Frameworks */,
			);
			runOnlyForDeploymentPostprocessing = 0;
		};
		3CAC97E5253164C7000A642B /* Frameworks */ = {
			isa = PBXFrameworksBuildPhase;
			buildActionMask = 2147483647;
			files = (
				CE9F6933F3E77A4A089CEC6B /* Pods_TCB_CICDTests.framework in Frameworks */,
			);
			runOnlyForDeploymentPostprocessing = 0;
		};
		3CAC97F0253164C7000A642B /* Frameworks */ = {
			isa = PBXFrameworksBuildPhase;
			buildActionMask = 2147483647;
			files = (
				47BA67A9AFE57739E55E5991 /* Pods_TCB_CICD_TCB_CICDUITests.framework in Frameworks */,
			);
			runOnlyForDeploymentPostprocessing = 0;
		};
/* End PBXFrameworksBuildPhase section */

/* Begin PBXGroup section */
		070F11C7731D4430EF3C9DDB /* Pods */ = {
			isa = PBXGroup;
			children = (
				27A3E01CBE58291576DAFAB9 /* Pods-TCB-CICD.debug.xcconfig */,
				3E5EFB23780581FAD70A2C8F /* Pods-TCB-CICD.release.xcconfig */,
				814A6724D83A7257FC275F4C /* Pods-TCB-CICD-TCB-CICDUITests.debug.xcconfig */,
				EC2F184B4CD929A5B4FAEB48 /* Pods-TCB-CICD-TCB-CICDUITests.release.xcconfig */,
				495F31438F4211CD8BD48A70 /* Pods-TCB-CICDTests.debug.xcconfig */,
				AAD24497D7B387B24829335D /* Pods-TCB-CICDTests.release.xcconfig */,
			);
			path = Pods;
			sourceTree = "<group>";
		};
		3CAC97C9253164C6000A642B = {
			isa = PBXGroup;
			children = (
				3CAC97D4253164C6000A642B /* TCB-CICD */,
				3CAC97EB253164C7000A642B /* TCB-CICDTests */,
				3CAC97F6253164C7000A642B /* TCB-CICDUITests */,
				3CAC97D3253164C6000A642B /* Products */,
				070F11C7731D4430EF3C9DDB /* Pods */,
				A572BE892964BC4937CE6EC9 /* Frameworks */,
			);
			sourceTree = "<group>";
		};
		3CAC97D3253164C6000A642B /* Products */ = {
			isa = PBXGroup;
			children = (
				3CAC97D2253164C6000A642B /* TCB-CICD.app */,
				3CAC97E8253164C7000A642B /* TCB-CICDTests.xctest */,
				3CAC97F3253164C7000A642B /* TCB-CICDUITests.xctest */,
			);
			name = Products;
			sourceTree = "<group>";
		};
		3CAC97D4253164C6000A642B /* TCB-CICD */ = {
			isa = PBXGroup;
			children = (
				3CAC97D5253164C6000A642B /* AppDelegate.swift */,
				3CAC97D7253164C6000A642B /* SceneDelegate.swift */,
				3CAC97D9253164C6000A642B /* ViewController.swift */,
				3CAC97DB253164C6000A642B /* Main.storyboard */,
				3CAC97DE253164C7000A642B /* Assets.xcassets */,
				3CAC97E0253164C7000A642B /* LaunchScreen.storyboard */,
				3CAC97E3253164C7000A642B /* Info.plist */,
			);
			path = "TCB-CICD";
			sourceTree = "<group>";
		};
		3CAC97EB253164C7000A642B /* TCB-CICDTests */ = {
			isa = PBXGroup;
			children = (
				3CAC97EC253164C7000A642B /* TCB_CICDTests.swift */,
				3CAC97EE253164C7000A642B /* Info.plist */,
			);
			path = "TCB-CICDTests";
			sourceTree = "<group>";
		};
		3CAC97F6253164C7000A642B /* TCB-CICDUITests */ = {
			isa = PBXGroup;
			children = (
				3CAC97F7253164C7000A642B /* TCB_CICDUITests.swift */,
				3CAC97F9253164C7000A642B /* Info.plist */,
			);
			path = "TCB-CICDUITests";
			sourceTree = "<group>";
		};
		A572BE892964BC4937CE6EC9 /* Frameworks */ = {
			isa = PBXGroup;
			children = (
				3C50AB022538A34A00E679BB /* TCB_CICD_Framework1.framework */,
				103797B83FFD662CCD99CBF3 /* Pods_TCB_CICD.framework */,
				7B5DF9D11336B100E041E4E2 /* Pods_TCB_CICD_TCB_CICDUITests.framework */,
				DED9C6EFDB2990500369C484 /* Pods_TCB_CICDTests.framework */,
			);
			name = Frameworks;
			sourceTree = "<group>";
		};
/* End PBXGroup section */

/* Begin PBXNativeTarget section */
		3CAC97D1253164C6000A642B /* TCB-CICD */ = {
			isa = PBXNativeTarget;
			buildConfigurationList = 3CAC97FC253164C7000A642B /* Build configuration list for PBXNativeTarget "TCB-CICD" */;
			buildPhases = (
				29554D1C932696EBAD849E84 /* [CP] Check Pods Manifest.lock */,
				3CAC97CE253164C6000A642B /* Sources */,
				3CAC97CF253164C6000A642B /* Frameworks */,
				3CAC97D0253164C6000A642B /* Resources */,
				121EE66E136E1509F3563A0D /* [CP] Embed Pods Frameworks */,
			);
			buildRules = (
			);
			dependencies = (
			);
			name = "TCB-CICD";
			productName = "TCB-CICD";
			productReference = 3CAC97D2253164C6000A642B /* TCB-CICD.app */;
			productType = "com.apple.product-type.application";
		};
		3CAC97E7253164C7000A642B /* TCB-CICDTests */ = {
			isa = PBXNativeTarget;
			buildConfigurationList = 3CAC97FF253164C7000A642B /* Build configuration list for PBXNativeTarget "TCB-CICDTests" */;
			buildPhases = (
				480EE777FDB2B761F05F891F /* [CP] Check Pods Manifest.lock */,
				3CAC97E4253164C7000A642B /* Sources */,
				3CAC97E5253164C7000A642B /* Frameworks */,
				3CAC97E6253164C7000A642B /* Resources */,
			);
			buildRules = (
			);
			dependencies = (
				3CAC97EA253164C7000A642B /* PBXTargetDependency */,
			);
			name = "TCB-CICDTests";
			productName = "TCB-CICDTests";
			productReference = 3CAC97E8253164C7000A642B /* TCB-CICDTests.xctest */;
			productType = "com.apple.product-type.bundle.unit-test";
		};
		3CAC97F2253164C7000A642B /* TCB-CICDUITests */ = {
			isa = PBXNativeTarget;
			buildConfigurationList = 3CAC9802253164C7000A642B /* Build configuration list for PBXNativeTarget "TCB-CICDUITests" */;
			buildPhases = (
				157FE905A6A69DC335A1C1E2 /* [CP] Check Pods Manifest.lock */,
				3CAC97EF253164C7000A642B /* Sources */,
				3CAC97F0253164C7000A642B /* Frameworks */,
				3CAC97F1253164C7000A642B /* Resources */,
				CF79D911726AA57AC3F0AC07 /* [CP] Embed Pods Frameworks */,
			);
			buildRules = (
			);
			dependencies = (
				3CAC97F5253164C7000A642B /* PBXTargetDependency */,
			);
			name = "TCB-CICDUITests";
			productName = "TCB-CICDUITests";
			productReference = 3CAC97F3253164C7000A642B /* TCB-CICDUITests.xctest */;
			productType = "com.apple.product-type.bundle.ui-testing";
		};
/* End PBXNativeTarget section */

/* Begin PBXProject section */
		3CAC97CA253164C6000A642B /* Project object */ = {
			isa = PBXProject;
			attributes = {
				LastSwiftUpdateCheck = 1200;
				LastUpgradeCheck = 1200;
				TargetAttributes = {
					3CAC97D1253164C6000A642B = {
						CreatedOnToolsVersion = 12.0.1;
					};
					3CAC97E7253164C7000A642B = {
						CreatedOnToolsVersion = 12.0.1;
						TestTargetID = 3CAC97D1253164C6000A642B;
					};
					3CAC97F2253164C7000A642B = {
						CreatedOnToolsVersion = 12.0.1;
						TestTargetID = 3CAC97D1253164C6000A642B;
					};
				};
			};
			buildConfigurationList = 3CAC97CD253164C6000A642B /* Build configuration list for PBXProject "TCB-CICD" */;
			compatibilityVersion = "Xcode 9.3";
			developmentRegion = en;
			hasScannedForEncodings = 0;
			knownRegions = (
				en,
				Base,
			);
			mainGroup = 3CAC97C9253164C6000A642B;
			productRefGroup = 3CAC97D3253164C6000A642B /* Products */;
			projectDirPath = "";
			projectRoot = "";
			targets = (
				3CAC97D1253164C6000A642B /* TCB-CICD */,
				3CAC97E7253164C7000A642B /* TCB-CICDTests */,
				3CAC97F2253164C7000A642B /* TCB-CICDUITests */,
			);
		};
/* End PBXProject section */

/* Begin PBXResourcesBuildPhase section */
		3CAC97D0253164C6000A642B /* Resources */ = {
			isa = PBXResourcesBuildPhase;
			buildActionMask = 2147483647;
			files = (
				3CAC97E2253164C7000A642B /* LaunchScreen.storyboard in Resources */,
				3CAC97DF253164C7000A642B /* Assets.xcassets in Resources */,
				3CAC97DD253164C6000A642B /* Main.storyboard in Resources */,
			);
			runOnlyForDeploymentPostprocessing = 0;
		};
		3CAC97E6253164C7000A642B /* Resources */ = {
			isa = PBXResourcesBuildPhase;
			buildActionMask = 2147483647;
			files = (
			);
			runOnlyForDeploymentPostprocessing = 0;
		};
		3CAC97F1253164C7000A642B /* Resources */ = {
			isa = PBXResourcesBuildPhase;
			buildActionMask = 2147483647;
			files = (
			);
			runOnlyForDeploymentPostprocessing = 0;
		};
/* End PBXResourcesBuildPhase section */

/* Begin PBXShellScriptBuildPhase section */
		121EE66E136E1509F3563A0D /* [CP] Embed Pods Frameworks */ = {
			isa = PBXShellScriptBuildPhase;
			buildActionMask = 2147483647;
			files = (
			);
			inputFileListPaths = (
				"${PODS_ROOT}/Target Support Files/Pods-TCB-CICD/Pods-TCB-CICD-frameworks-${CONFIGURATION}-input-files.xcfilelist",
			);
			name = "[CP] Embed Pods Frameworks";
			outputFileListPaths = (
				"${PODS_ROOT}/Target Support Files/Pods-TCB-CICD/Pods-TCB-CICD-frameworks-${CONFIGURATION}-output-files.xcfilelist",
			);
			runOnlyForDeploymentPostprocessing = 0;
			shellPath = /bin/sh;
			shellScript = "\"${PODS_ROOT}/Target Support Files/Pods-TCB-CICD/Pods-TCB-CICD-frameworks.sh\"\n";
			showEnvVarsInLog = 0;
		};
		157FE905A6A69DC335A1C1E2 /* [CP] Check Pods Manifest.lock */ = {
			isa = PBXShellScriptBuildPhase;
			buildActionMask = 2147483647;
			files = (
			);
			inputFileListPaths = (
			);
			inputPaths = (
				"${PODS_PODFILE_DIR_PATH}/Podfile.lock",
				"${PODS_ROOT}/Manifest.lock",
			);
			name = "[CP] Check Pods Manifest.lock";
			outputFileListPaths = (
			);
			outputPaths = (
				"$(DERIVED_FILE_DIR)/Pods-TCB-CICD-TCB-CICDUITests-checkManifestLockResult.txt",
			);
			runOnlyForDeploymentPostprocessing = 0;
			shellPath = /bin/sh;
			shellScript = "diff \"${PODS_PODFILE_DIR_PATH}/Podfile.lock\" \"${PODS_ROOT}/Manifest.lock\" > /dev/null\nif [ $? != 0 ] ; then\n    # print error to STDERR\n    echo \"error: The sandbox is not in sync with the Podfile.lock. Run 'pod install' or update your CocoaPods installation.\" >&2\n    exit 1\nfi\n# This output is used by Xcode 'outputs' to avoid re-running this script phase.\necho \"SUCCESS\" > \"${SCRIPT_OUTPUT_FILE_0}\"\n";
			showEnvVarsInLog = 0;
		};
		29554D1C932696EBAD849E84 /* [CP] Check Pods Manifest.lock */ = {
			isa = PBXShellScriptBuildPhase;
			buildActionMask = 2147483647;
			files = (
			);
			inputFileListPaths = (
			);
			inputPaths = (
				"${PODS_PODFILE_DIR_PATH}/Podfile.lock",
				"${PODS_ROOT}/Manifest.lock",
			);
			name = "[CP] Check Pods Manifest.lock";
			outputFileListPaths = (
			);
			outputPaths = (
				"$(DERIVED_FILE_DIR)/Pods-TCB-CICD-checkManifestLockResult.txt",
			);
			runOnlyForDeploymentPostprocessing = 0;
			shellPath = /bin/sh;
			shellScript = "diff \"${PODS_PODFILE_DIR_PATH}/Podfile.lock\" \"${PODS_ROOT}/Manifest.lock\" > /dev/null\nif [ $? != 0 ] ; then\n    # print error to STDERR\n    echo \"error: The sandbox is not in sync with the Podfile.lock. Run 'pod install' or update your CocoaPods installation.\" >&2\n    exit 1\nfi\n# This output is used by Xcode 'outputs' to avoid re-running this script phase.\necho \"SUCCESS\" > \"${SCRIPT_OUTPUT_FILE_0}\"\n";
			showEnvVarsInLog = 0;
		};
		480EE777FDB2B761F05F891F /* [CP] Check Pods Manifest.lock */ = {
			isa = PBXShellScriptBuildPhase;
			buildActionMask = 2147483647;
			files = (
			);
			inputFileListPaths = (
			);
			inputPaths = (
				"${PODS_PODFILE_DIR_PATH}/Podfile.lock",
				"${PODS_ROOT}/Manifest.lock",
			);
			name = "[CP] Check Pods Manifest.lock";
			outputFileListPaths = (
			);
			outputPaths = (
				"$(DERIVED_FILE_DIR)/Pods-TCB-CICDTests-checkManifestLockResult.txt",
			);
			runOnlyForDeploymentPostprocessing = 0;
			shellPath = /bin/sh;
			shellScript = "diff \"${PODS_PODFILE_DIR_PATH}/Podfile.lock\" \"${PODS_ROOT}/Manifest.lock\" > /dev/null\nif [ $? != 0 ] ; then\n    # print error to STDERR\n    echo \"error: The sandbox is not in sync with the Podfile.lock. Run 'pod install' or update your CocoaPods installation.\" >&2\n    exit 1\nfi\n# This output is used by Xcode 'outputs' to avoid re-running this script phase.\necho \"SUCCESS\" > \"${SCRIPT_OUTPUT_FILE_0}\"\n";
			showEnvVarsInLog = 0;
		};
		CF79D911726AA57AC3F0AC07 /* [CP] Embed Pods Frameworks */ = {
			isa = PBXShellScriptBuildPhase;
			buildActionMask = 2147483647;
			files = (
			);
			inputFileListPaths = (
				"${PODS_ROOT}/Target Support Files/Pods-TCB-CICD-TCB-CICDUITests/Pods-TCB-CICD-TCB-CICDUITests-frameworks-${CONFIGURATION}-input-files.xcfilelist",
			);
			name = "[CP] Embed Pods Frameworks";
			outputFileListPaths = (
				"${PODS_ROOT}/Target Support Files/Pods-TCB-CICD-TCB-CICDUITests/Pods-TCB-CICD-TCB-CICDUITests-frameworks-${CONFIGURATION}-output-files.xcfilelist",
			);
			runOnlyForDeploymentPostprocessing = 0;
			shellPath = /bin/sh;
			shellScript = "\"${PODS_ROOT}/Target Support Files/Pods-TCB-CICD-TCB-CICDUITests/Pods-TCB-CICD-TCB-CICDUITests-frameworks.sh\"\n";
			showEnvVarsInLog = 0;
		};
/* End PBXShellScriptBuildPhase section */

/* Begin PBXSourcesBuildPhase section */
		3CAC97CE253164C6000A642B /* Sources */ = {
			isa = PBXSourcesBuildPhase;
			buildActionMask = 2147483647;
			files = (
				3CAC97DA253164C6000A642B /* ViewController.swift in Sources */,
				3CAC97D6253164C6000A642B /* AppDelegate.swift in Sources */,
				3CAC97D8253164C6000A642B /* SceneDelegate.swift in Sources */,
			);
			runOnlyForDeploymentPostprocessing = 0;
		};
		3CAC97E4253164C7000A642B /* Sources */ = {
			isa = PBXSourcesBuildPhase;
			buildActionMask = 2147483647;
			files = (
				3CAC97ED253164C7000A642B /* TCB_CICDTests.swift in Sources */,
			);
			runOnlyForDeploymentPostprocessing = 0;
		};
		3CAC97EF253164C7000A642B /* Sources */ = {
			isa = PBXSourcesBuildPhase;
			buildActionMask = 2147483647;
			files = (
				3CAC97F8253164C7000A642B /* TCB_CICDUITests.swift in Sources */,
			);
			runOnlyForDeploymentPostprocessing = 0;
		};
/* End PBXSourcesBuildPhase section */

/* Begin PBXTargetDependency section */
		3CAC97EA253164C7000A642B /* PBXTargetDependency */ = {
			isa = PBXTargetDependency;
			target = 3CAC97D1253164C6000A642B /* TCB-CICD */;
			targetProxy = 3CAC97E9253164C7000A642B /* PBXContainerItemProxy */;
		};
		3CAC97F5253164C7000A642B /* PBXTargetDependency */ = {
			isa = PBXTargetDependency;
			target = 3CAC97D1253164C6000A642B /* TCB-CICD */;
			targetProxy = 3CAC97F4253164C7000A642B /* PBXContainerItemProxy */;
		};
/* End PBXTargetDependency section */

/* Begin PBXVariantGroup section */
		3CAC97DB253164C6000A642B /* Main.storyboard */ = {
			isa = PBXVariantGroup;
			children = (
				3CAC97DC253164C6000A642B /* Base */,
			);
			name = Main.storyboard;
			sourceTree = "<group>";
		};
		3CAC97E0253164C7000A642B /* LaunchScreen.storyboard */ = {
			isa = PBXVariantGroup;
			children = (
				3CAC97E1253164C7000A642B /* Base */,
			);
			name = LaunchScreen.storyboard;
			sourceTree = "<group>";
		};
/* End PBXVariantGroup section */

/* Begin XCBuildConfiguration section */
		3CAC97FA253164C7000A642B /* Debug */ = {
			isa = XCBuildConfiguration;
			buildSettings = {
				ALWAYS_SEARCH_USER_PATHS = NO;
				CLANG_ANALYZER_NONNULL = YES;
				CLANG_ANALYZER_NUMBER_OBJECT_CONVERSION = YES_AGGRESSIVE;
				CLANG_CXX_LANGUAGE_STANDARD = "gnu++14";
				CLANG_CXX_LIBRARY = "libc++";
				CLANG_ENABLE_MODULES = YES;
				CLANG_ENABLE_OBJC_ARC = YES;
				CLANG_ENABLE_OBJC_WEAK = YES;
				CLANG_WARN_BLOCK_CAPTURE_AUTORELEASING = YES;
				CLANG_WARN_BOOL_CONVERSION = YES;
				CLANG_WARN_COMMA = YES;
				CLANG_WARN_CONSTANT_CONVERSION = YES;
				CLANG_WARN_DEPRECATED_OBJC_IMPLEMENTATIONS = YES;
				CLANG_WARN_DIRECT_OBJC_ISA_USAGE = YES_ERROR;
				CLANG_WARN_DOCUMENTATION_COMMENTS = YES;
				CLANG_WARN_EMPTY_BODY = YES;
				CLANG_WARN_ENUM_CONVERSION = YES;
				CLANG_WARN_INFINITE_RECURSION = YES;
				CLANG_WARN_INT_CONVERSION = YES;
				CLANG_WARN_NON_LITERAL_NULL_CONVERSION = YES;
				CLANG_WARN_OBJC_IMPLICIT_RETAIN_SELF = YES;
				CLANG_WARN_OBJC_LITERAL_CONVERSION = YES;
				CLANG_WARN_OBJC_ROOT_CLASS = YES_ERROR;
				CLANG_WARN_QUOTED_INCLUDE_IN_FRAMEWORK_HEADER = YES;
				CLANG_WARN_RANGE_LOOP_ANALYSIS = YES;
				CLANG_WARN_STRICT_PROTOTYPES = YES;
				CLANG_WARN_SUSPICIOUS_MOVE = YES;
				CLANG_WARN_UNGUARDED_AVAILABILITY = YES_AGGRESSIVE;
				CLANG_WARN_UNREACHABLE_CODE = YES;
				CLANG_WARN__DUPLICATE_METHOD_MATCH = YES;
				COPY_PHASE_STRIP = NO;
				DEBUG_INFORMATION_FORMAT = dwarf;
				ENABLE_STRICT_OBJC_MSGSEND = YES;
				ENABLE_TESTABILITY = YES;
				GCC_C_LANGUAGE_STANDARD = gnu11;
				GCC_DYNAMIC_NO_PIC = NO;
				GCC_NO_COMMON_BLOCKS = YES;
				GCC_OPTIMIZATION_LEVEL = 0;
				GCC_PREPROCESSOR_DEFINITIONS = (
					"DEBUG=1",
					"$(inherited)",
				);
				GCC_WARN_64_TO_32_BIT_CONVERSION = YES;
				GCC_WARN_ABOUT_RETURN_TYPE = YES_ERROR;
				GCC_WARN_UNDECLARED_SELECTOR = YES;
				GCC_WARN_UNINITIALIZED_AUTOS = YES_AGGRESSIVE;
				GCC_WARN_UNUSED_FUNCTION = YES;
				GCC_WARN_UNUSED_VARIABLE = YES;
				IPHONEOS_DEPLOYMENT_TARGET = 14.0;
				MTL_ENABLE_DEBUG_INFO = INCLUDE_SOURCE;
				MTL_FAST_MATH = YES;
				ONLY_ACTIVE_ARCH = YES;
				SDKROOT = iphoneos;
				SWIFT_ACTIVE_COMPILATION_CONDITIONS = DEBUG;
				SWIFT_OPTIMIZATION_LEVEL = "-Onone";
			};
			name = Debug;
		};
		3CAC97FB253164C7000A642B /* Release */ = {
			isa = XCBuildConfiguration;
			buildSettings = {
				ALWAYS_SEARCH_USER_PATHS = NO;
				CLANG_ANALYZER_NONNULL = YES;
				CLANG_ANALYZER_NUMBER_OBJECT_CONVERSION = YES_AGGRESSIVE;
				CLANG_CXX_LANGUAGE_STANDARD = "gnu++14";
				CLANG_CXX_LIBRARY = "libc++";
				CLANG_ENABLE_MODULES = YES;
				CLANG_ENABLE_OBJC_ARC = YES;
				CLANG_ENABLE_OBJC_WEAK = YES;
				CLANG_WARN_BLOCK_CAPTURE_AUTORELEASING = YES;
				CLANG_WARN_BOOL_CONVERSION = YES;
				CLANG_WARN_COMMA = YES;
				CLANG_WARN_CONSTANT_CONVERSION = YES;
				CLANG_WARN_DEPRECATED_OBJC_IMPLEMENTATIONS = YES;
				CLANG_WARN_DIRECT_OBJC_ISA_USAGE = YES_ERROR;
				CLANG_WARN_DOCUMENTATION_COMMENTS = YES;
				CLANG_WARN_EMPTY_BODY = YES;
				CLANG_WARN_ENUM_CONVERSION = YES;
				CLANG_WARN_INFINITE_RECURSION = YES;
				CLANG_WARN_INT_CONVERSION = YES;
				CLANG_WARN_NON_LITERAL_NULL_CONVERSION = YES;
				CLANG_WARN_OBJC_IMPLICIT_RETAIN_SELF = YES;
				CLANG_WARN_OBJC_LITERAL_CONVERSION = YES;
				CLANG_WARN_OBJC_ROOT_CLASS = YES_ERROR;
				CLANG_WARN_QUOTED_INCLUDE_IN_FRAMEWORK_HEADER = YES;
				CLANG_WARN_RANGE_LOOP_ANALYSIS = YES;
				CLANG_WARN_STRICT_PROTOTYPES = YES;
				CLANG_WARN_SUSPICIOUS_MOVE = YES;
				CLANG_WARN_UNGUARDED_AVAILABILITY = YES_AGGRESSIVE;
				CLANG_WARN_UNREACHABLE_CODE = YES;
				CLANG_WARN__DUPLICATE_METHOD_MATCH = YES;
				COPY_PHASE_STRIP = NO;
				DEBUG_INFORMATION_FORMAT = "dwarf-with-dsym";
				ENABLE_NS_ASSERTIONS = NO;
				ENABLE_STRICT_OBJC_MSGSEND = YES;
				GCC_C_LANGUAGE_STANDARD = gnu11;
				GCC_NO_COMMON_BLOCKS = YES;
				GCC_WARN_64_TO_32_BIT_CONVERSION = YES;
				GCC_WARN_ABOUT_RETURN_TYPE = YES_ERROR;
				GCC_WARN_UNDECLARED_SELECTOR = YES;
				GCC_WARN_UNINITIALIZED_AUTOS = YES_AGGRESSIVE;
				GCC_WARN_UNUSED_FUNCTION = YES;
				GCC_WARN_UNUSED_VARIABLE = YES;
				IPHONEOS_DEPLOYMENT_TARGET = 14.0;
				MTL_ENABLE_DEBUG_INFO = NO;
				MTL_FAST_MATH = YES;
				SDKROOT = iphoneos;
				SWIFT_COMPILATION_MODE = wholemodule;
				SWIFT_OPTIMIZATION_LEVEL = "-O";
				VALIDATE_PRODUCT = YES;
			};
			name = Release;
		};
		3CAC97FD253164C7000A642B /* Debug */ = {
			isa = XCBuildConfiguration;
			baseConfigurationReference = 27A3E01CBE58291576DAFAB9 /* Pods-TCB-CICD.debug.xcconfig */;
			buildSettings = {
				ASSETCATALOG_COMPILER_APPICON_NAME = AppIcon;
				ASSETCATALOG_COMPILER_GLOBAL_ACCENT_COLOR_NAME = AccentColor;
				CODE_SIGN_STYLE = Automatic;
				DEVELOPMENT_TEAM = 3ESZLRY25L;
				INFOPLIST_FILE = "TCB-CICD/Info.plist";
				LD_RUNPATH_SEARCH_PATHS = (
					"$(inherited)",
					"@executable_path/Frameworks",
				);
				PRODUCT_BUNDLE_IDENTIFIER = "com.techcombank.TCB-CICD";
				PRODUCT_NAME = "$(TARGET_NAME)";
				SWIFT_VERSION = 5.0;
				TARGETED_DEVICE_FAMILY = "1,2";
			};
			name = Debug;
		};
		3CAC97FE253164C7000A642B /* Release */ = {
			isa = XCBuildConfiguration;
			baseConfigurationReference = 3E5EFB23780581FAD70A2C8F /* Pods-TCB-CICD.release.xcconfig */;
			buildSettings = {
				ASSETCATALOG_COMPILER_APPICON_NAME = AppIcon;
				ASSETCATALOG_COMPILER_GLOBAL_ACCENT_COLOR_NAME = AccentColor;
				CODE_SIGN_STYLE = Automatic;
				DEVELOPMENT_TEAM = 3ESZLRY25L;
				INFOPLIST_FILE = "TCB-CICD/Info.plist";
				LD_RUNPATH_SEARCH_PATHS = (
					"$(inherited)",
					"@executable_path/Frameworks",
				);
				PRODUCT_BUNDLE_IDENTIFIER = "com.techcombank.TCB-CICD";
				PRODUCT_NAME = "$(TARGET_NAME)";
				SWIFT_VERSION = 5.0;
				TARGETED_DEVICE_FAMILY = "1,2";
			};
			name = Release;
		};
		3CAC9800253164C7000A642B /* Debug */ = {
			isa = XCBuildConfiguration;
			baseConfigurationReference = 495F31438F4211CD8BD48A70 /* Pods-TCB-CICDTests.debug.xcconfig */;
			buildSettings = {
				ALWAYS_EMBED_SWIFT_STANDARD_LIBRARIES = YES;
				BUNDLE_LOADER = "$(TEST_HOST)";
				CODE_SIGN_STYLE = Automatic;
				DEVELOPMENT_TEAM = 3ESZLRY25L;
				INFOPLIST_FILE = "TCB-CICDTests/Info.plist";
				IPHONEOS_DEPLOYMENT_TARGET = 14.0;
				LD_RUNPATH_SEARCH_PATHS = (
					"$(inherited)",
					"@executable_path/Frameworks",
					"@loader_path/Frameworks",
				);
				PRODUCT_BUNDLE_IDENTIFIER = "com.techcombank.TCB-CICDTests";
				PRODUCT_NAME = "$(TARGET_NAME)";
				SWIFT_VERSION = 5.0;
				TARGETED_DEVICE_FAMILY = "1,2";
				TEST_HOST = "$(BUILT_PRODUCTS_DIR)/TCB-CICD.app/TCB-CICD";
			};
			name = Debug;
		};
		3CAC9801253164C7000A642B /* Release */ = {
			isa = XCBuildConfiguration;
			baseConfigurationReference = AAD24497D7B387B24829335D /* Pods-TCB-CICDTests.release.xcconfig */;
			buildSettings = {
				ALWAYS_EMBED_SWIFT_STANDARD_LIBRARIES = YES;
				BUNDLE_LOADER = "$(TEST_HOST)";
				CODE_SIGN_STYLE = Automatic;
				DEVELOPMENT_TEAM = 3ESZLRY25L;
				INFOPLIST_FILE = "TCB-CICDTests/Info.plist";
				IPHONEOS_DEPLOYMENT_TARGET = 14.0;
				LD_RUNPATH_SEARCH_PATHS = (
					"$(inherited)",
					"@executable_path/Frameworks",
					"@loader_path/Frameworks",
				);
				PRODUCT_BUNDLE_IDENTIFIER = "com.techcombank.TCB-CICDTests";
				PRODUCT_NAME = "$(TARGET_NAME)";
				SWIFT_VERSION = 5.0;
				TARGETED_DEVICE_FAMILY = "1,2";
				TEST_HOST = "$(BUILT_PRODUCTS_DIR)/TCB-CICD.app/TCB-CICD";
			};
			name = Release;
		};
		3CAC9803253164C7000A642B /* Debug */ = {
			isa = XCBuildConfiguration;
			baseConfigurationReference = 814A6724D83A7257FC275F4C /* Pods-TCB-CICD-TCB-CICDUITests.debug.xcconfig */;
			buildSettings = {
				ALWAYS_EMBED_SWIFT_STANDARD_LIBRARIES = YES;
				CODE_SIGN_STYLE = Automatic;
				DEVELOPMENT_TEAM = 3ESZLRY25L;
				INFOPLIST_FILE = "TCB-CICDUITests/Info.plist";
				LD_RUNPATH_SEARCH_PATHS = (
					"$(inherited)",
					"@executable_path/Frameworks",
					"@loader_path/Frameworks",
				);
				PRODUCT_BUNDLE_IDENTIFIER = "com.techcombank.TCB-CICDUITests";
				PRODUCT_NAME = "$(TARGET_NAME)";
				SWIFT_VERSION = 5.0;
				TARGETED_DEVICE_FAMILY = "1,2";
				TEST_TARGET_NAME = "TCB-CICD";
			};
			name = Debug;
		};
		3CAC9804253164C7000A642B /* Release */ = {
			isa = XCBuildConfiguration;
			baseConfigurationReference = EC2F184B4CD929A5B4FAEB48 /* Pods-TCB-CICD-TCB-CICDUITests.release.xcconfig */;
			buildSettings = {
				ALWAYS_EMBED_SWIFT_STANDARD_LIBRARIES = YES;
				CODE_SIGN_STYLE = Automatic;
				DEVELOPMENT_TEAM = 3ESZLRY25L;
				INFOPLIST_FILE = "TCB-CICDUITests/Info.plist";
				LD_RUNPATH_SEARCH_PATHS = (
					"$(inherited)",
					"@executable_path/Frameworks",
					"@loader_path/Frameworks",
				);
				PRODUCT_BUNDLE_IDENTIFIER = "com.techcombank.TCB-CICDUITests";
				PRODUCT_NAME = "$(TARGET_NAME)";
				SWIFT_VERSION = 5.0;
				TARGETED_DEVICE_FAMILY = "1,2";
				TEST_TARGET_NAME = "TCB-CICD";
			};
			name = Release;
		};
/* End XCBuildConfiguration section */

/* Begin XCConfigurationList section */
		3CAC97CD253164C6000A642B /* Build configuration list for PBXProject "TCB-CICD" */ = {
			isa = XCConfigurationList;
			buildConfigurations = (
				3CAC97FA253164C7000A642B /* Debug */,
				3CAC97FB253164C7000A642B /* Release */,
			);
			defaultConfigurationIsVisible = 0;
			defaultConfigurationName = Release;
		};
		3CAC97FC253164C7000A642B /* Build configuration list for PBXNativeTarget "TCB-CICD" */ = {
			isa = XCConfigurationList;
			buildConfigurations = (
				3CAC97FD253164C7000A642B /* Debug */,
				3CAC97FE253164C7000A642B /* Release */,
			);
			defaultConfigurationIsVisible = 0;
			defaultConfigurationName = Release;
		};
		3CAC97FF253164C7000A642B /* Build configuration list for PBXNativeTarget "TCB-CICDTests" */ = {
			isa = XCConfigurationList;
			buildConfigurations = (
				3CAC9800253164C7000A642B /* Debug */,
				3CAC9801253164C7000A642B /* Release */,
			);
			defaultConfigurationIsVisible = 0;
			defaultConfigurationName = Release;
		};
		3CAC9802253164C7000A642B /* Build configuration list for PBXNativeTarget "TCB-CICDUITests" */ = {
			isa = XCConfigurationList;
			buildConfigurations = (
				3CAC9803253164C7000A642B /* Debug */,
				3CAC9804253164C7000A642B /* Release */,
			);
			defaultConfigurationIsVisible = 0;
			defaultConfigurationName = Release;
		};
/* End XCConfigurationList section */
	};
	rootObject = 3CAC97CA253164C6000A642B /* Project object */;
}
